// !$*UTF8*$!
{
	archiveVersion = 1;
	classes = {
	};
	objectVersion = 46;
	objects = {

/* Begin PBXBuildFile section */
		7514EF9ADB12896AAA87322C /* libPods-MVC.a in Frameworks */ = {isa = PBXBuildFile; fileRef = D992048F90229FF8A3A4BE73 /* libPods-MVC.a */; };
		7B50760D1EC480CD00D7C1E7 /* main.m in Sources */ = {isa = PBXBuildFile; fileRef = 7B50760C1EC480CD00D7C1E7 /* main.m */; };
		7B5076101EC480CD00D7C1E7 /* AppDelegate.m in Sources */ = {isa = PBXBuildFile; fileRef = 7B50760F1EC480CD00D7C1E7 /* AppDelegate.m */; };
		7B5076161EC480CD00D7C1E7 /* Main.storyboard in Resources */ = {isa = PBXBuildFile; fileRef = 7B5076141EC480CD00D7C1E7 /* Main.storyboard */; };
		7B5076181EC480CD00D7C1E7 /* Assets.xcassets in Resources */ = {isa = PBXBuildFile; fileRef = 7B5076171EC480CD00D7C1E7 /* Assets.xcassets */; };
		7B50761B1EC480CD00D7C1E7 /* LaunchScreen.storyboard in Resources */ = {isa = PBXBuildFile; fileRef = 7B5076191EC480CD00D7C1E7 /* LaunchScreen.storyboard */; };
		7B5076261EC480CD00D7C1E7 /* MVCTests.m in Sources */ = {isa = PBXBuildFile; fileRef = 7B5076251EC480CD00D7C1E7 /* MVCTests.m */; };
		7B5076311EC480CD00D7C1E7 /* MVCUITests.m in Sources */ = {isa = PBXBuildFile; fileRef = 7B5076301EC480CD00D7C1E7 /* MVCUITests.m */; };
		7B50767F1EC4872F00D7C1E7 /* WFTableViewController.m in Sources */ = {isa = PBXBuildFile; fileRef = 7B50767E1EC4872F00D7C1E7 /* WFTableViewController.m */; };
		7B5076881EC4899A00D7C1E7 /* WFTableViewRequestModel.m in Sources */ = {isa = PBXBuildFile; fileRef = 7B5076871EC4899A00D7C1E7 /* WFTableViewRequestModel.m */; };
		7B50768E1EC48A0300D7C1E7 /* WFTableViewCell.m in Sources */ = {isa = PBXBuildFile; fileRef = 7B50768D1EC48A0300D7C1E7 /* WFTableViewCell.m */; };
		7B9B6DC31EC4991B00B60B30 /* WFTableViewShowModel.m in Sources */ = {isa = PBXBuildFile; fileRef = 7B9B6DC21EC4991B00B60B30 /* WFTableViewShowModel.m */; };
		84D49892275499F04E26C4F7 /* libPods-MVCUITests.a in Frameworks */ = {isa = PBXBuildFile; fileRef = 7C024E5A451DBBDBA750DDF4 /* libPods-MVCUITests.a */; };
		FB3C90C39FE8D1A934D250FD /* libPods-MVCTests.a in Frameworks */ = {isa = PBXBuildFile; fileRef = D375CC759D3642C874A517C7 /* libPods-MVCTests.a */; };
/* End PBXBuildFile section */

/* Begin PBXContainerItemProxy section */
		7B5076221EC480CD00D7C1E7 /* PBXContainerItemProxy */ = {
			isa = PBXContainerItemProxy;
			containerPortal = 7B5076001EC480CD00D7C1E7 /* Project object */;
			proxyType = 1;
			remoteGlobalIDString = 7B5076071EC480CD00D7C1E7;
			remoteInfo = MVC;
		};
		7B50762D1EC480CD00D7C1E7 /* PBXContainerItemProxy */ = {
			isa = PBXContainerItemProxy;
			containerPortal = 7B5076001EC480CD00D7C1E7 /* Project object */;
			proxyType = 1;
			remoteGlobalIDString = 7B5076071EC480CD00D7C1E7;
			remoteInfo = MVC;
		};
/* End PBXContainerItemProxy section */

/* Begin PBXFileReference section */
		2ABF82A4F28EB217398DC014 /* Pods-MVCTests.release.xcconfig */ = {isa = PBXFileReference; includeInIndex = 1; lastKnownFileType = text.xcconfig; name = "Pods-MVCTests.release.xcconfig"; path = "Pods/Target Support Files/Pods-MVCTests/Pods-MVCTests.release.xcconfig"; sourceTree = "<group>"; };
		36CEECE220F29CE1C1016EE4 /* Pods-MVC.release.xcconfig */ = {isa = PBXFileReference; includeInIndex = 1; lastKnownFileType = text.xcconfig; name = "Pods-MVC.release.xcconfig"; path = "Pods/Target Support Files/Pods-MVC/Pods-MVC.release.xcconfig"; sourceTree = "<group>"; };
		74CF0C1E29BE7683D60620E2 /* Pods-MVC.debug.xcconfig */ = {isa = PBXFileReference; includeInIndex = 1; lastKnownFileType = text.xcconfig; name = "Pods-MVC.debug.xcconfig"; path = "Pods/Target Support Files/Pods-MVC/Pods-MVC.debug.xcconfig"; sourceTree = "<group>"; };
		7B5076081EC480CD00D7C1E7 /* MVC.app */ = {isa = PBXFileReference; explicitFileType = wrapper.application; includeInIndex = 0; path = MVC.app; sourceTree = BUILT_PRODUCTS_DIR; };
		7B50760C1EC480CD00D7C1E7 /* main.m */ = {isa = PBXFileReference; lastKnownFileType = sourcecode.c.objc; path = main.m; sourceTree = "<group>"; };
		7B50760E1EC480CD00D7C1E7 /* AppDelegate.h */ = {isa = PBXFileReference; lastKnownFileType = sourcecode.c.h; path = AppDelegate.h; sourceTree = "<group>"; };
		7B50760F1EC480CD00D7C1E7 /* AppDelegate.m */ = {isa = PBXFileReference; lastKnownFileType = sourcecode.c.objc; path = AppDelegate.m; sourceTree = "<group>"; };
		7B5076151EC480CD00D7C1E7 /* Base */ = {isa = PBXFileReference; lastKnownFileType = file.storyboard; name = Base; path = Base.lproj/Main.storyboard; sourceTree = "<group>"; };
		7B5076171EC480CD00D7C1E7 /* Assets.xcassets */ = {isa = PBXFileReference; lastKnownFileType = folder.assetcatalog; path = Assets.xcassets; sourceTree = "<group>"; };
		7B50761A1EC480CD00D7C1E7 /* Base */ = {isa = PBXFileReference; lastKnownFileType = file.storyboard; name = Base; path = Base.lproj/LaunchScreen.storyboard; sourceTree = "<group>"; };
		7B50761C1EC480CD00D7C1E7 /* Info.plist */ = {isa = PBXFileReference; lastKnownFileType = text.plist.xml; path = Info.plist; sourceTree = "<group>"; };
		7B5076211EC480CD00D7C1E7 /* MVCTests.xctest */ = {isa = PBXFileReference; explicitFileType = wrapper.cfbundle; includeInIndex = 0; path = MVCTests.xctest; sourceTree = BUILT_PRODUCTS_DIR; };
		7B5076251EC480CD00D7C1E7 /* MVCTests.m */ = {isa = PBXFileReference; lastKnownFileType = sourcecode.c.objc; path = MVCTests.m; sourceTree = "<group>"; };
		7B5076271EC480CD00D7C1E7 /* Info.plist */ = {isa = PBXFileReference; lastKnownFileType = text.plist.xml; path = Info.plist; sourceTree = "<group>"; };
		7B50762C1EC480CD00D7C1E7 /* MVCUITests.xctest */ = {isa = PBXFileReference; explicitFileType = wrapper.cfbundle; includeInIndex = 0; path = MVCUITests.xctest; sourceTree = BUILT_PRODUCTS_DIR; };
		7B5076301EC480CD00D7C1E7 /* MVCUITests.m */ = {isa = PBXFileReference; lastKnownFileType = sourcecode.c.objc; path = MVCUITests.m; sourceTree = "<group>"; };
		7B5076321EC480CD00D7C1E7 /* Info.plist */ = {isa = PBXFileReference; lastKnownFileType = text.plist.xml; path = Info.plist; sourceTree = "<group>"; };
		7B50767D1EC4872F00D7C1E7 /* WFTableViewController.h */ = {isa = PBXFileReference; fileEncoding = 4; lastKnownFileType = sourcecode.c.h; path = WFTableViewController.h; sourceTree = "<group>"; };
		7B50767E1EC4872F00D7C1E7 /* WFTableViewController.m */ = {isa = PBXFileReference; fileEncoding = 4; lastKnownFileType = sourcecode.c.objc; path = WFTableViewController.m; sourceTree = "<group>"; };
		7B5076861EC4899A00D7C1E7 /* WFTableViewRequestModel.h */ = {isa = PBXFileReference; fileEncoding = 4; lastKnownFileType = sourcecode.c.h; path = WFTableViewRequestModel.h; sourceTree = "<group>"; };
		7B5076871EC4899A00D7C1E7 /* WFTableViewRequestModel.m */ = {isa = PBXFileReference; fileEncoding = 4; lastKnownFileType = sourcecode.c.objc; path = WFTableViewRequestModel.m; sourceTree = "<group>"; };
		7B50768C1EC48A0300D7C1E7 /* WFTableViewCell.h */ = {isa = PBXFileReference; fileEncoding = 4; lastKnownFileType = sourcecode.c.h; path = WFTableViewCell.h; sourceTree = "<group>"; };
		7B50768D1EC48A0300D7C1E7 /* WFTableViewCell.m */ = {isa = PBXFileReference; fileEncoding = 4; lastKnownFileType = sourcecode.c.objc; path = WFTableViewCell.m; sourceTree = "<group>"; };
		7B9B6DC11EC4991B00B60B30 /* WFTableViewShowModel.h */ = {isa = PBXFileReference; fileEncoding = 4; lastKnownFileType = sourcecode.c.h; path = WFTableViewShowModel.h; sourceTree = "<group>"; };
		7B9B6DC21EC4991B00B60B30 /* WFTableViewShowModel.m */ = {isa = PBXFileReference; fileEncoding = 4; lastKnownFileType = sourcecode.c.objc; path = WFTableViewShowModel.m; sourceTree = "<group>"; };
		7C024E5A451DBBDBA750DDF4 /* libPods-MVCUITests.a */ = {isa = PBXFileReference; explicitFileType = archive.ar; includeInIndex = 0; path = "libPods-MVCUITests.a"; sourceTree = BUILT_PRODUCTS_DIR; };
		D375CC759D3642C874A517C7 /* libPods-MVCTests.a */ = {isa = PBXFileReference; explicitFileType = archive.ar; includeInIndex = 0; path = "libPods-MVCTests.a"; sourceTree = BUILT_PRODUCTS_DIR; };
		D992048F90229FF8A3A4BE73 /* libPods-MVC.a */ = {isa = PBXFileReference; explicitFileType = archive.ar; includeInIndex = 0; path = "libPods-MVC.a"; sourceTree = BUILT_PRODUCTS_DIR; };
		E5E8C954484D6F775D4AD89B /* Pods-MVCUITests.release.xcconfig */ = {isa = PBXFileReference; includeInIndex = 1; lastKnownFileType = text.xcconfig; name = "Pods-MVCUITests.release.xcconfig"; path = "Pods/Target Support Files/Pods-MVCUITests/Pods-MVCUITests.release.xcconfig"; sourceTree = "<group>"; };
		EEA053F659085A425E8F03D9 /* Pods-MVCUITests.debug.xcconfig */ = {isa = PBXFileReference; includeInIndex = 1; lastKnownFileType = text.xcconfig; name = "Pods-MVCUITests.debug.xcconfig"; path = "Pods/Target Support Files/Pods-MVCUITests/Pods-MVCUITests.debug.xcconfig"; sourceTree = "<group>"; };
		F9C4189C01E3ECFA7C7FB7D4 /* Pods-MVCTests.debug.xcconfig */ = {isa = PBXFileReference; includeInIndex = 1; lastKnownFileType = text.xcconfig; name = "Pods-MVCTests.debug.xcconfig"; path = "Pods/Target Support Files/Pods-MVCTests/Pods-MVCTests.debug.xcconfig"; sourceTree = "<group>"; };
/* End PBXFileReference section */

/* Begin PBXFrameworksBuildPhase section */
		7B5076051EC480CD00D7C1E7 /* Frameworks */ = {
			isa = PBXFrameworksBuildPhase;
			buildActionMask = 2147483647;
			files = (
				7514EF9ADB12896AAA87322C /* libPods-MVC.a in Frameworks */,
			);
			runOnlyForDeploymentPostprocessing = 0;
		};
		7B50761E1EC480CD00D7C1E7 /* Frameworks */ = {
			isa = PBXFrameworksBuildPhase;
			buildActionMask = 2147483647;
			files = (
				FB3C90C39FE8D1A934D250FD /* libPods-MVCTests.a in Frameworks */,
			);
			runOnlyForDeploymentPostprocessing = 0;
		};
		7B5076291EC480CD00D7C1E7 /* Frameworks */ = {
			isa = PBXFrameworksBuildPhase;
			buildActionMask = 2147483647;
			files = (
				84D49892275499F04E26C4F7 /* libPods-MVCUITests.a in Frameworks */,
			);
			runOnlyForDeploymentPostprocessing = 0;
		};
/* End PBXFrameworksBuildPhase section */

/* Begin PBXGroup section */
		090748DCBB875B2D0B38CFC8 /* Pods */ = {
			isa = PBXGroup;
			children = (
				74CF0C1E29BE7683D60620E2 /* Pods-MVC.debug.xcconfig */,
				36CEECE220F29CE1C1016EE4 /* Pods-MVC.release.xcconfig */,
				F9C4189C01E3ECFA7C7FB7D4 /* Pods-MVCTests.debug.xcconfig */,
				2ABF82A4F28EB217398DC014 /* Pods-MVCTests.release.xcconfig */,
				EEA053F659085A425E8F03D9 /* Pods-MVCUITests.debug.xcconfig */,
				E5E8C954484D6F775D4AD89B /* Pods-MVCUITests.release.xcconfig */,
			);
			name = Pods;
			sourceTree = "<group>";
		};
		7B5075FF1EC480CD00D7C1E7 = {
			isa = PBXGroup;
			children = (
				7B50760A1EC480CD00D7C1E7 /* MVC */,
				7B5076241EC480CD00D7C1E7 /* MVCTests */,
				7B50762F1EC480CD00D7C1E7 /* MVCUITests */,
				7B5076091EC480CD00D7C1E7 /* Products */,
				090748DCBB875B2D0B38CFC8 /* Pods */,
				87F3A99A1A00B3454DC0EB7C /* Frameworks */,
			);
			sourceTree = "<group>";
		};
		7B5076091EC480CD00D7C1E7 /* Products */ = {
			isa = PBXGroup;
			children = (
				7B5076081EC480CD00D7C1E7 /* MVC.app */,
				7B5076211EC480CD00D7C1E7 /* MVCTests.xctest */,
				7B50762C1EC480CD00D7C1E7 /* MVCUITests.xctest */,
			);
			name = Products;
			sourceTree = "<group>";
		};
		7B50760A1EC480CD00D7C1E7 /* MVC */ = {
			isa = PBXGroup;
			children = (
				7B50760E1EC480CD00D7C1E7 /* AppDelegate.h */,
				7B50760F1EC480CD00D7C1E7 /* AppDelegate.m */,
				7B50767D1EC4872F00D7C1E7 /* WFTableViewController.h */,
				7B50767E1EC4872F00D7C1E7 /* WFTableViewController.m */,
				7B5076861EC4899A00D7C1E7 /* WFTableViewRequestModel.h */,
				7B5076871EC4899A00D7C1E7 /* WFTableViewRequestModel.m */,
				7B9B6DC11EC4991B00B60B30 /* WFTableViewShowModel.h */,
				7B9B6DC21EC4991B00B60B30 /* WFTableViewShowModel.m */,
				7B50768C1EC48A0300D7C1E7 /* WFTableViewCell.h */,
				7B50768D1EC48A0300D7C1E7 /* WFTableViewCell.m */,
				7B5076141EC480CD00D7C1E7 /* Main.storyboard */,
				7B5076171EC480CD00D7C1E7 /* Assets.xcassets */,
				7B5076191EC480CD00D7C1E7 /* LaunchScreen.storyboard */,
				7B50761C1EC480CD00D7C1E7 /* Info.plist */,
				7B50760B1EC480CD00D7C1E7 /* Supporting Files */,
			);
			path = MVC;
			sourceTree = "<group>";
		};
		7B50760B1EC480CD00D7C1E7 /* Supporting Files */ = {
			isa = PBXGroup;
			children = (
				7B50760C1EC480CD00D7C1E7 /* main.m */,
			);
			name = "Supporting Files";
			sourceTree = "<group>";
		};
		7B5076241EC480CD00D7C1E7 /* MVCTests */ = {
			isa = PBXGroup;
			children = (
				7B5076251EC480CD00D7C1E7 /* MVCTests.m */,
				7B5076271EC480CD00D7C1E7 /* Info.plist */,
			);
			path = MVCTests;
			sourceTree = "<group>";
		};
		7B50762F1EC480CD00D7C1E7 /* MVCUITests */ = {
			isa = PBXGroup;
			children = (
				7B5076301EC480CD00D7C1E7 /* MVCUITests.m */,
				7B5076321EC480CD00D7C1E7 /* Info.plist */,
			);
			path = MVCUITests;
			sourceTree = "<group>";
		};
		87F3A99A1A00B3454DC0EB7C /* Frameworks */ = {
			isa = PBXGroup;
			children = (
				D992048F90229FF8A3A4BE73 /* libPods-MVC.a */,
				D375CC759D3642C874A517C7 /* libPods-MVCTests.a */,
				7C024E5A451DBBDBA750DDF4 /* libPods-MVCUITests.a */,
			);
			name = Frameworks;
			sourceTree = "<group>";
		};
/* End PBXGroup section */

/* Begin PBXNativeTarget section */
		7B5076071EC480CD00D7C1E7 /* MVC */ = {
			isa = PBXNativeTarget;
			buildConfigurationList = 7B5076351EC480CD00D7C1E7 /* Build configuration list for PBXNativeTarget "MVC" */;
			buildPhases = (
				F38D6B2858572D86FA40BF77 /* [CP] Check Pods Manifest.lock */,
				7B5076041EC480CD00D7C1E7 /* Sources */,
				7B5076051EC480CD00D7C1E7 /* Frameworks */,
				7B5076061EC480CD00D7C1E7 /* Resources */,
				5CEE545A285A6B760BEEA648 /* [CP] Embed Pods Frameworks */,
				63D2E820D55A6D636D6B5D63 /* [CP] Copy Pods Resources */,
			);
			buildRules = (
			);
			dependencies = (
			);
			name = MVC;
			productName = MVC;
			productReference = 7B5076081EC480CD00D7C1E7 /* MVC.app */;
			productType = "com.apple.product-type.application";
		};
		7B5076201EC480CD00D7C1E7 /* MVCTests */ = {
			isa = PBXNativeTarget;
			buildConfigurationList = 7B5076381EC480CD00D7C1E7 /* Build configuration list for PBXNativeTarget "MVCTests" */;
			buildPhases = (
				87BD33DA9DFFBFFFFAE51CC8 /* [CP] Check Pods Manifest.lock */,
				7B50761D1EC480CD00D7C1E7 /* Sources */,
				7B50761E1EC480CD00D7C1E7 /* Frameworks */,
				7B50761F1EC480CD00D7C1E7 /* Resources */,
				4B5CA7C55927D49005663D29 /* [CP] Embed Pods Frameworks */,
				7FCD353999D54D635E221459 /* [CP] Copy Pods Resources */,
			);
			buildRules = (
			);
			dependencies = (
				7B5076231EC480CD00D7C1E7 /* PBXTargetDependency */,
			);
			name = MVCTests;
			productName = MVCTests;
			productReference = 7B5076211EC480CD00D7C1E7 /* MVCTests.xctest */;
			productType = "com.apple.product-type.bundle.unit-test";
		};
		7B50762B1EC480CD00D7C1E7 /* MVCUITests */ = {
			isa = PBXNativeTarget;
			buildConfigurationList = 7B50763B1EC480CD00D7C1E7 /* Build configuration list for PBXNativeTarget "MVCUITests" */;
			buildPhases = (
				0FF19CCD4D64A65956B56108 /* [CP] Check Pods Manifest.lock */,
				7B5076281EC480CD00D7C1E7 /* Sources */,
				7B5076291EC480CD00D7C1E7 /* Frameworks */,
				7B50762A1EC480CD00D7C1E7 /* Resources */,
				C81287459E12EBE1D52BB595 /* [CP] Embed Pods Frameworks */,
				C4C97CF05AB910F217CC3A00 /* [CP] Copy Pods Resources */,
			);
			buildRules = (
			);
			dependencies = (
				7B50762E1EC480CD00D7C1E7 /* PBXTargetDependency */,
			);
			name = MVCUITests;
			productName = MVCUITests;
			productReference = 7B50762C1EC480CD00D7C1E7 /* MVCUITests.xctest */;
			productType = "com.apple.product-type.bundle.ui-testing";
		};
/* End PBXNativeTarget section */

/* Begin PBXProject section */
		7B5076001EC480CD00D7C1E7 /* Project object */ = {
			isa = PBXProject;
			attributes = {
				LastUpgradeCheck = 0830;
				ORGANIZATIONNAME = fly;
				TargetAttributes = {
					7B5076071EC480CD00D7C1E7 = {
						CreatedOnToolsVersion = 8.3.2;
						ProvisioningStyle = Automatic;
					};
					7B5076201EC480CD00D7C1E7 = {
						CreatedOnToolsVersion = 8.3.2;
						ProvisioningStyle = Automatic;
						TestTargetID = 7B5076071EC480CD00D7C1E7;
					};
					7B50762B1EC480CD00D7C1E7 = {
						CreatedOnToolsVersion = 8.3.2;
						ProvisioningStyle = Automatic;
						TestTargetID = 7B5076071EC480CD00D7C1E7;
					};
				};
			};
			buildConfigurationList = 7B5076031EC480CD00D7C1E7 /* Build configuration list for PBXProject "MVC" */;
			compatibilityVersion = "Xcode 3.2";
			developmentRegion = English;
			hasScannedForEncodings = 0;
			knownRegions = (
				en,
				Base,
			);
			mainGroup = 7B5075FF1EC480CD00D7C1E7;
			productRefGroup = 7B5076091EC480CD00D7C1E7 /* Products */;
			projectDirPath = "";
			projectRoot = "";
			targets = (
				7B5076071EC480CD00D7C1E7 /* MVC */,
				7B5076201EC480CD00D7C1E7 /* MVCTests */,
				7B50762B1EC480CD00D7C1E7 /* MVCUITests */,
			);
		};
/* End PBXProject section */

/* Begin PBXResourcesBuildPhase section */
		7B5076061EC480CD00D7C1E7 /* Resources */ = {
			isa = PBXResourcesBuildPhase;
			buildActionMask = 2147483647;
			files = (
				7B50761B1EC480CD00D7C1E7 /* LaunchScreen.storyboard in Resources */,
				7B5076181EC480CD00D7C1E7 /* Assets.xcassets in Resources */,
				7B5076161EC480CD00D7C1E7 /* Main.storyboard in Resources */,
			);
			runOnlyForDeploymentPostprocessing = 0;
		};
		7B50761F1EC480CD00D7C1E7 /* Resources */ = {
			isa = PBXResourcesBuildPhase;
			buildActionMask = 2147483647;
			files = (
			);
			runOnlyForDeploymentPostprocessing = 0;
		};
		7B50762A1EC480CD00D7C1E7 /* Resources */ = {
			isa = PBXResourcesBuildPhase;
			buildActionMask = 2147483647;
			files = (
			);
			runOnlyForDeploymentPostprocessing = 0;
		};
/* End PBXResourcesBuildPhase section */

/* Begin PBXShellScriptBuildPhase section */
		0FF19CCD4D64A65956B56108 /* [CP] Check Pods Manifest.lock */ = {
			isa = PBXShellScriptBuildPhase;
			buildActionMask = 2147483647;
			files = (
			);
			inputPaths = (
			);
			name = "[CP] Check Pods Manifest.lock";
			outputPaths = (
			);
			runOnlyForDeploymentPostprocessing = 0;
			shellPath = /bin/sh;
			shellScript = "diff \"${PODS_ROOT}/../Podfile.lock\" \"${PODS_ROOT}/Manifest.lock\" > /dev/null\nif [ $? != 0 ] ; then\n    # print error to STDERR\n    echo \"error: The sandbox is not in sync with the Podfile.lock. Run 'pod install' or update your CocoaPods installation.\" >&2\n    exit 1\nfi\n";
			showEnvVarsInLog = 0;
		};
		4B5CA7C55927D49005663D29 /* [CP] Embed Pods Frameworks */ = {
			isa = PBXShellScriptBuildPhase;
			buildActionMask = 2147483647;
			files = (
			);
			inputPaths = (
			);
			name = "[CP] Embed Pods Frameworks";
			outputPaths = (
			);
			runOnlyForDeploymentPostprocessing = 0;
			shellPath = /bin/sh;
			shellScript = "\"${SRCROOT}/Pods/Target Support Files/Pods-MVCTests/Pods-MVCTests-frameworks.sh\"\n";
			showEnvVarsInLog = 0;
		};
		5CEE545A285A6B760BEEA648 /* [CP] Embed Pods Frameworks */ = {
			isa = PBXShellScriptBuildPhase;
			buildActionMask = 2147483647;
			files = (
			);
			inputPaths = (
			);
			name = "[CP] Embed Pods Frameworks";
			outputPaths = (
			);
			runOnlyForDeploymentPostprocessing = 0;
			shellPath = /bin/sh;
			shellScript = "\"${SRCROOT}/Pods/Target Support Files/Pods-MVC/Pods-MVC-frameworks.sh\"\n";
			showEnvVarsInLog = 0;
		};
		63D2E820D55A6D636D6B5D63 /* [CP] Copy Pods Resources */ = {
			isa = PBXShellScriptBuildPhase;
			buildActionMask = 2147483647;
			files = (
			);
			inputPaths = (
			);
			name = "[CP] Copy Pods Resources";
			outputPaths = (
			);
			runOnlyForDeploymentPostprocessing = 0;
			shellPath = /bin/sh;
			shellScript = "\"${SRCROOT}/Pods/Target Support Files/Pods-MVC/Pods-MVC-resources.sh\"\n";
			showEnvVarsInLog = 0;
		};
		7FCD353999D54D635E221459 /* [CP] Copy Pods Resources */ = {
			isa = PBXShellScriptBuildPhase;
			buildActionMask = 2147483647;
			files = (
			);
			inputPaths = (
			);
			name = "[CP] Copy Pods Resources";
			outputPaths = (
			);
			runOnlyForDeploymentPostprocessing = 0;
			shellPath = /bin/sh;
			shellScript = "\"${SRCROOT}/Pods/Target Support Files/Pods-MVCTests/Pods-MVCTests-resources.sh\"\n";
			showEnvVarsInLog = 0;
		};
		87BD33DA9DFFBFFFFAE51CC8 /* [CP] Check Pods Manifest.lock */ = {
			isa = PBXShellScriptBuildPhase;
			buildActionMask = 2147483647;
			files = (
			);
			inputPaths = (
			);
			name = "[CP] Check Pods Manifest.lock";
			outputPaths = (
			);
			runOnlyForDeploymentPostprocessing = 0;
			shellPath = /bin/sh;
			shellScript = "diff \"${PODS_ROOT}/../Podfile.lock\" \"${PODS_ROOT}/Manifest.lock\" > /dev/null\nif [ $? != 0 ] ; then\n    # print error to STDERR\n    echo \"error: The sandbox is not in sync with the Podfile.lock. Run 'pod install' or update your CocoaPods installation.\" >&2\n    exit 1\nfi\n";
			showEnvVarsInLog = 0;
		};
		C4C97CF05AB910F217CC3A00 /* [CP] Copy Pods Resources */ = {
			isa = PBXShellScriptBuildPhase;
			buildActionMask = 2147483647;
			files = (
			);
			inputPaths = (
			);
			name = "[CP] Copy Pods Resources";
			outputPaths = (
			);
			runOnlyForDeploymentPostprocessing = 0;
			shellPath = /bin/sh;
			shellScript = "\"${SRCROOT}/Pods/Target Support Files/Pods-MVCUITests/Pods-MVCUITests-resources.sh\"\n";
			showEnvVarsInLog = 0;
		};
		C81287459E12EBE1D52BB595 /* [CP] Embed Pods Frameworks */ = {
			isa = PBXShellScriptBuildPhase;
			buildActionMask = 2147483647;
			files = (
			);
			inputPaths = (
			);
			name = "[CP] Embed Pods Frameworks";
			outputPaths = (
			);
			runOnlyForDeploymentPostprocessing = 0;
			shellPath = /bin/sh;
			shellScript = "\"${SRCROOT}/Pods/Target Support Files/Pods-MVCUITests/Pods-MVCUITests-frameworks.sh\"\n";
			showEnvVarsInLog = 0;
		};
		F38D6B2858572D86FA40BF77 /* [CP] Check Pods Manifest.lock */ = {
			isa = PBXShellScriptBuildPhase;
			buildActionMask = 2147483647;
			files = (
			);
			inputPaths = (
			);
			name = "[CP] Check Pods Manifest.lock";
			outputPaths = (
			);
			runOnlyForDeploymentPostprocessing = 0;
			shellPath = /bin/sh;
			shellScript = "diff \"${PODS_ROOT}/../Podfile.lock\" \"${PODS_ROOT}/Manifest.lock\" > /dev/null\nif [ $? != 0 ] ; then\n    # print error to STDERR\n    echo \"error: The sandbox is not in sync with the Podfile.lock. Run 'pod install' or update your CocoaPods installation.\" >&2\n    exit 1\nfi\n";
			showEnvVarsInLog = 0;
		};
/* End PBXShellScriptBuildPhase section */

/* Begin PBXSourcesBuildPhase section */
		7B5076041EC480CD00D7C1E7 /* Sources */ = {
			isa = PBXSourcesBuildPhase;
			buildActionMask = 2147483647;
			files = (
				7B50768E1EC48A0300D7C1E7 /* WFTableViewCell.m in Sources */,
				7B50767F1EC4872F00D7C1E7 /* WFTableViewController.m in Sources */,
				7B5076101EC480CD00D7C1E7 /* AppDelegate.m in Sources */,
				7B9B6DC31EC4991B00B60B30 /* WFTableViewShowModel.m in Sources */,
				7B50760D1EC480CD00D7C1E7 /* main.m in Sources */,
				7B5076881EC4899A00D7C1E7 /* WFTableViewRequestModel.m in Sources */,
			);
			runOnlyForDeploymentPostprocessing = 0;
		};
		7B50761D1EC480CD00D7C1E7 /* Sources */ = {
			isa = PBXSourcesBuildPhase;
			buildActionMask = 2147483647;
			files = (
				7B5076261EC480CD00D7C1E7 /* MVCTests.m in Sources */,
			);
			runOnlyForDeploymentPostprocessing = 0;
		};
		7B5076281EC480CD00D7C1E7 /* Sources */ = {
			isa = PBXSourcesBuildPhase;
			buildActionMask = 2147483647;
			files = (
				7B5076311EC480CD00D7C1E7 /* MVCUITests.m in Sources */,
			);
			runOnlyForDeploymentPostprocessing = 0;
		};
/* End PBXSourcesBuildPhase section */

/* Begin PBXTargetDependency section */
		7B5076231EC480CD00D7C1E7 /* PBXTargetDependency */ = {
			isa = PBXTargetDependency;
			target = 7B5076071EC480CD00D7C1E7 /* MVC */;
			targetProxy = 7B5076221EC480CD00D7C1E7 /* PBXContainerItemProxy */;
		};
		7B50762E1EC480CD00D7C1E7 /* PBXTargetDependency */ = {
			isa = PBXTargetDependency;
			target = 7B5076071EC480CD00D7C1E7 /* MVC */;
			targetProxy = 7B50762D1EC480CD00D7C1E7 /* PBXContainerItemProxy */;
		};
/* End PBXTargetDependency section */

/* Begin PBXVariantGroup section */
		7B5076141EC480CD00D7C1E7 /* Main.storyboard */ = {
			isa = PBXVariantGroup;
			children = (
				7B5076151EC480CD00D7C1E7 /* Base */,
			);
			name = Main.storyboard;
			sourceTree = "<group>";
		};
		7B5076191EC480CD00D7C1E7 /* LaunchScreen.storyboard */ = {
			isa = PBXVariantGroup;
			children = (
				7B50761A1EC480CD00D7C1E7 /* Base */,
			);
			name = LaunchScreen.storyboard;
			sourceTree = "<group>";
		};
/* End PBXVariantGroup section */

/* Begin XCBuildConfiguration section */
		7B5076331EC480CD00D7C1E7 /* Debug */ = {
			isa = XCBuildConfiguration;
			buildSettings = {
				ALWAYS_SEARCH_USER_PATHS = NO;
				CLANG_ANALYZER_NONNULL = YES;
				CLANG_ANALYZER_NUMBER_OBJECT_CONVERSION = YES_AGGRESSIVE;
				CLANG_CXX_LANGUAGE_STANDARD = "gnu++0x";
				CLANG_CXX_LIBRARY = "libc++";
				CLANG_ENABLE_MODULES = YES;
				CLANG_ENABLE_OBJC_ARC = YES;
				CLANG_WARN_BOOL_CONVERSION = YES;
				CLANG_WARN_CONSTANT_CONVERSION = YES;
				CLANG_WARN_DIRECT_OBJC_ISA_USAGE = YES_ERROR;
				CLANG_WARN_DOCUMENTATION_COMMENTS = YES;
				CLANG_WARN_EMPTY_BODY = YES;
				CLANG_WARN_ENUM_CONVERSION = YES;
				CLANG_WARN_INFINITE_RECURSION = YES;
				CLANG_WARN_INT_CONVERSION = YES;
				CLANG_WARN_OBJC_ROOT_CLASS = YES_ERROR;
				CLANG_WARN_SUSPICIOUS_MOVE = YES;
				CLANG_WARN_UNREACHABLE_CODE = YES;
				CLANG_WARN__DUPLICATE_METHOD_MATCH = YES;
				"CODE_SIGN_IDENTITY[sdk=iphoneos*]" = "iPhone Developer";
				COPY_PHASE_STRIP = NO;
				DEBUG_INFORMATION_FORMAT = dwarf;
				ENABLE_STRICT_OBJC_MSGSEND = YES;
				ENABLE_TESTABILITY = YES;
				GCC_C_LANGUAGE_STANDARD = gnu99;
				GCC_DYNAMIC_NO_PIC = NO;
				GCC_NO_COMMON_BLOCKS = YES;
				GCC_OPTIMIZATION_LEVEL = 0;
				GCC_PREPROCESSOR_DEFINITIONS = (
					"DEBUG=1",
					"$(inherited)",
				);
				GCC_WARN_64_TO_32_BIT_CONVERSION = YES;
				GCC_WARN_ABOUT_RETURN_TYPE = YES_ERROR;
				GCC_WARN_UNDECLARED_SELECTOR = YES;
				GCC_WARN_UNINITIALIZED_AUTOS = YES_AGGRESSIVE;
				GCC_WARN_UNUSED_FUNCTION = YES;
				GCC_WARN_UNUSED_VARIABLE = YES;
				IPHONEOS_DEPLOYMENT_TARGET = 10.3;
				MTL_ENABLE_DEBUG_INFO = YES;
				ONLY_ACTIVE_ARCH = YES;
				SDKROOT = iphoneos;
				TARGETED_DEVICE_FAMILY = "1,2";
			};
			name = Debug;
		};
		7B5076341EC480CD00D7C1E7 /* Release */ = {
			isa = XCBuildConfiguration;
			buildSettings = {
				ALWAYS_SEARCH_USER_PATHS = NO;
				CLANG_ANALYZER_NONNULL = YES;
				CLANG_ANALYZER_NUMBER_OBJECT_CONVERSION = YES_AGGRESSIVE;
				CLANG_CXX_LANGUAGE_STANDARD = "gnu++0x";
				CLANG_CXX_LIBRARY = "libc++";
				CLANG_ENABLE_MODULES = YES;
				CLANG_ENABLE_OBJC_ARC = YES;
				CLANG_WARN_BOOL_CONVERSION = YES;
				CLANG_WARN_CONSTANT_CONVERSION = YES;
				CLANG_WARN_DIRECT_OBJC_ISA_USAGE = YES_ERROR;
				CLANG_WARN_DOCUMENTATION_COMMENTS = YES;
				CLANG_WARN_EMPTY_BODY = YES;
				CLANG_WARN_ENUM_CONVERSION = YES;
				CLANG_WARN_INFINITE_RECURSION = YES;
				CLANG_WARN_INT_CONVERSION = YES;
				CLANG_WARN_OBJC_ROOT_CLASS = YES_ERROR;
				CLANG_WARN_SUSPICIOUS_MOVE = YES;
				CLANG_WARN_UNREACHABLE_CODE = YES;
				CLANG_WARN__DUPLICATE_METHOD_MATCH = YES;
				"CODE_SIGN_IDENTITY[sdk=iphoneos*]" = "iPhone Developer";
				COPY_PHASE_STRIP = NO;
				DEBUG_INFORMATION_FORMAT = "dwarf-with-dsym";
				ENABLE_NS_ASSERTIONS = NO;
				ENABLE_STRICT_OBJC_MSGSEND = YES;
				GCC_C_LANGUAGE_STANDARD = gnu99;
				GCC_NO_COMMON_BLOCKS = YES;
				GCC_WARN_64_TO_32_BIT_CONVERSION = YES;
				GCC_WARN_ABOUT_RETURN_TYPE = YES_ERROR;
				GCC_WARN_UNDECLARED_SELECTOR = YES;
				GCC_WARN_UNINITIALIZED_AUTOS = YES_AGGRESSIVE;
				GCC_WARN_UNUSED_FUNCTION = YES;
				GCC_WARN_UNUSED_VARIABLE = YES;
				IPHONEOS_DEPLOYMENT_TARGET = 10.3;
				MTL_ENABLE_DEBUG_INFO = NO;
				SDKROOT = iphoneos;
				TARGETED_DEVICE_FAMILY = "1,2";
				VALIDATE_PRODUCT = YES;
			};
			name = Release;
		};
		7B5076361EC480CD00D7C1E7 /* Debug */ = {
			isa = XCBuildConfiguration;
			baseConfigurationReference = 74CF0C1E29BE7683D60620E2 /* Pods-MVC.debug.xcconfig */;
			buildSettings = {
				ASSETCATALOG_COMPILER_APPICON_NAME = AppIcon;
				INFOPLIST_FILE = MVC/Info.plist;
				LD_RUNPATH_SEARCH_PATHS = "$(inherited) @executable_path/Frameworks";
				PRODUCT_BUNDLE_IDENTIFIER = com.afei.MVC;
				PRODUCT_NAME = "$(TARGET_NAME)";
				USER_HEADER_SEARCH_PATHS = "$(PODS_ROOT)/**";
			};
			name = Debug;
		};
		7B5076371EC480CD00D7C1E7 /* Release */ = {
			isa = XCBuildConfiguration;
			baseConfigurationReference = 36CEECE220F29CE1C1016EE4 /* Pods-MVC.release.xcconfig */;
			buildSettings = {
				ASSETCATALOG_COMPILER_APPICON_NAME = AppIcon;
				INFOPLIST_FILE = MVC/Info.plist;
				LD_RUNPATH_SEARCH_PATHS = "$(inherited) @executable_path/Frameworks";
				PRODUCT_BUNDLE_IDENTIFIER = com.afei.MVC;
				PRODUCT_NAME = "$(TARGET_NAME)";
				USER_HEADER_SEARCH_PATHS = "$(PODS_ROOT)/**";
			};
			name = Release;
		};
		7B5076391EC480CD00D7C1E7 /* Debug */ = {
			isa = XCBuildConfiguration;
			baseConfigurationReference = F9C4189C01E3ECFA7C7FB7D4 /* Pods-MVCTests.debug.xcconfig */;
			buildSettings = {
				BUNDLE_LOADER = "$(TEST_HOST)";
				INFOPLIST_FILE = MVCTests/Info.plist;
				LD_RUNPATH_SEARCH_PATHS = "$(inherited) @executable_path/Frameworks @loader_path/Frameworks";
				PRODUCT_BUNDLE_IDENTIFIER = com.afei.MVCTests;
				PRODUCT_NAME = "$(TARGET_NAME)";
				TEST_HOST = "$(BUILT_PRODUCTS_DIR)/MVC.app/MVC";
			};
			name = Debug;
		};
		7B50763A1EC480CD00D7C1E7 /* Release */ = {
			isa = XCBuildConfiguration;
			baseConfigurationReference = 2ABF82A4F28EB217398DC014 /* Pods-MVCTests.release.xcconfig */;
			buildSettings = {
				BUNDLE_LOADER = "$(TEST_HOST)";
				INFOPLIST_FILE = MVCTests/Info.plist;
				LD_RUNPATH_SEARCH_PATHS = "$(inherited) @executable_path/Frameworks @loader_path/Frameworks";
				PRODUCT_BUNDLE_IDENTIFIER = com.afei.MVCTests;
				PRODUCT_NAME = "$(TARGET_NAME)";
				TEST_HOST = "$(BUILT_PRODUCTS_DIR)/MVC.app/MVC";
			};
			name = Release;
		};
		7B50763C1EC480CD00D7C1E7 /* Debug */ = {
			isa = XCBuildConfiguration;
			baseConfigurationReference = EEA053F659085A425E8F03D9 /* Pods-MVCUITests.debug.xcconfig */;
			buildSettings = {
				INFOPLIST_FILE = MVCUITests/Info.plist;
				LD_RUNPATH_SEARCH_PATHS = "$(inherited) @executable_path/Frameworks @loader_path/Frameworks";
				PRODUCT_BUNDLE_IDENTIFIER = com.afei.MVCUITests;
				PRODUCT_NAME = "$(TARGET_NAME)";
				TEST_TARGET_NAME = MVC;
			};
			name = Debug;
		};
		7B50763D1EC480CD00D7C1E7 /* Release */ = {
			isa = XCBuildConfiguration;
			baseConfigurationReference = E5E8C954484D6F775D4AD89B /* Pods-MVCUITests.release.xcconfig */;
			buildSettings = {
				INFOPLIST_FILE = MVCUITests/Info.plist;
				LD_RUNPATH_SEARCH_PATHS = "$(inherited) @executable_path/Frameworks @loader_path/Frameworks";
				PRODUCT_BUNDLE_IDENTIFIER = com.afei.MVCUITests;
				PRODUCT_NAME = "$(TARGET_NAME)";
				TEST_TARGET_NAME = MVC;
			};
			name = Release;
		};
/* End XCBuildConfiguration section */

/* Begin XCConfigurationList section */
		7B5076031EC480CD00D7C1E7 /* Build configuration list for PBXProject "MVC" */ = {
			isa = XCConfigurationList;
			buildConfigurations = (
				7B5076331EC480CD00D7C1E7 /* Debug */,
				7B5076341EC480CD00D7C1E7 /* Release */,
			);
			defaultConfigurationIsVisible = 0;
			defaultConfigurationName = Release;
		};
		7B5076351EC480CD00D7C1E7 /* Build configuration list for PBXNativeTarget "MVC" */ = {
			isa = XCConfigurationList;
			buildConfigurations = (
				7B5076361EC480CD00D7C1E7 /* Debug */,
				7B5076371EC480CD00D7C1E7 /* Release */,
			);
			defaultConfigurationIsVisible = 0;
			defaultConfigurationName = Release;
		};
		7B5076381EC480CD00D7C1E7 /* Build configuration list for PBXNativeTarget "MVCTests" */ = {
			isa = XCConfigurationList;
			buildConfigurations = (
				7B5076391EC480CD00D7C1E7 /* Debug */,
				7B50763A1EC480CD00D7C1E7 /* Release */,
			);
			defaultConfigurationIsVisible = 0;
			defaultConfigurationName = Release;
		};
		7B50763B1EC480CD00D7C1E7 /* Build configuration list for PBXNativeTarget "MVCUITests" */ = {
			isa = XCConfigurationList;
			buildConfigurations = (
				7B50763C1EC480CD00D7C1E7 /* Debug */,
				7B50763D1EC480CD00D7C1E7 /* Release */,
			);
			defaultConfigurationIsVisible = 0;
			defaultConfigurationName = Release;
		};
/* End XCConfigurationList section */
	};
	rootObject = 7B5076001EC480CD00D7C1E7 /* Project object */;
}
